
Microsoft Visual Studio Solution File, Format Version 12.00
# Visual Studio 15
VisualStudioVersion = 15.0.26403.7
MinimumVisualStudioVersion = 10.0.40219.1
Project("{FAE04EC0-301F-11D3-BF4B-00C04F79EFBC}") = "mastodon.Tests", "mastodon.Tests\mastodon.Tests.csproj", "{E539B406-9F0E-4EDB-AA34-BFB1F1DA86E4}"
EndProject
Project("{2150E333-8FDC-42A3-9474-1A3956D46DE8}") = "Tests", "Tests", "{C62750B1-6F01-4A6D-AECE-1F8BA3CF4F3E}"
EndProject
Project("{9A19103F-16F7-4668-BE54-9A1E7A4F7556}") = "mastodonNet", "mastodon\mastodonNet.csproj", "{5D0DEBBE-B397-4281-8B1F-799B0FA68E89}"
EndProject
Global
	GlobalSection(SolutionConfigurationPlatforms) = preSolution
		Debug|Any CPU = Debug|Any CPU
		Release|Any CPU = Release|Any CPU
	EndGlobalSection
	GlobalSection(ProjectConfigurationPlatforms) = postSolution
		{E539B406-9F0E-4EDB-AA34-BFB1F1DA86E4}.Debug|Any CPU.ActiveCfg = Debug|Any CPU
		{E539B406-9F0E-4EDB-AA34-BFB1F1DA86E4}.Debug|Any CPU.Build.0 = Debug|Any CPU
		{E539B406-9F0E-4EDB-AA34-BFB1F1DA86E4}.Release|Any CPU.ActiveCfg = Release|Any CPU
		{E539B406-9F0E-4EDB-AA34-BFB1F1DA86E4}.Release|Any CPU.Build.0 = Release|Any CPU
		{5D0DEBBE-B397-4281-8B1F-799B0FA68E89}.Debug|Any CPU.ActiveCfg = Debug|Any CPU
		{5D0DEBBE-B397-4281-8B1F-799B0FA68E89}.Debug|Any CPU.Build.0 = Debug|Any CPU
		{5D0DEBBE-B397-4281-8B1F-799B0FA68E89}.Release|Any CPU.ActiveCfg = Release|Any CPU
		{5D0DEBBE-B397-4281-8B1F-799B0FA68E89}.Release|Any CPU.Build.0 = Release|Any CPU
	EndGlobalSection
	GlobalSection(SolutionProperties) = preSolution
		HideSolutionNode = FALSE
	EndGlobalSection
	GlobalSection(NestedProjects) = preSolution
		{E539B406-9F0E-4EDB-AA34-BFB1F1DA86E4} = {C62750B1-6F01-4A6D-AECE-1F8BA3CF4F3E}
	EndGlobalSection
	GlobalSection(ExtensibilityGlobals) = postSolution
		SolutionGuid = {F8755B20-2573-45AA-B2EC-2227D9D723DB}
	EndGlobalSection
EndGlobal
